
Microsoft Visual Studio Solution File, Format Version 12.00
# Visual Studio Version 17
VisualStudioVersion = 17.5.33516.290
MinimumVisualStudioVersion = 10.0.40219.1
Project("{FAE04EC0-301F-11D3-BF4B-00C04F79EFBC}") = "Proyecto", "Clase2-5\Proyecto.csproj", "{CC1EE81A-D587-43A3-AED1-D979B5C68A74}"
EndProject
Project("{FAE04EC0-301F-11D3-BF4B-00C04F79EFBC}") = "LogicaClase", "bibloteca\LogicaClase.csproj", "{1807CEF8-24CB-45C2-B7FA-617EB474F585}"
EndProject
Global
	GlobalSection(SolutionConfigurationPlatforms) = preSolution
		Debug|Any CPU = Debug|Any CPU
		Release|Any CPU = Release|Any CPU
	EndGlobalSection
	GlobalSection(ProjectConfigurationPlatforms) = postSolution
		{CC1EE81A-D587-43A3-AED1-D979B5C68A74}.Debug|Any CPU.ActiveCfg = Debug|Any CPU
		{CC1EE81A-D587-43A3-AED1-D979B5C68A74}.Debug|Any CPU.Build.0 = Debug|Any CPU
		{CC1EE81A-D587-43A3-AED1-D979B5C68A74}.Release|Any CPU.ActiveCfg = Release|Any CPU
		{CC1EE81A-D587-43A3-AED1-D979B5C68A74}.Release|Any CPU.Build.0 = Release|Any CPU
		{1807CEF8-24CB-45C2-B7FA-617EB474F585}.Debug|Any CPU.ActiveCfg = Debug|Any CPU
		{1807CEF8-24CB-45C2-B7FA-617EB474F585}.Debug|Any CPU.Build.0 = Debug|Any CPU
		{1807CEF8-24CB-45C2-B7FA-617EB474F585}.Release|Any CPU.ActiveCfg = Release|Any CPU
		{1807CEF8-24CB-45C2-B7FA-617EB474F585}.Release|Any CPU.Build.0 = Release|Any CPU
	EndGlobalSection
	GlobalSection(SolutionProperties) = preSolution
		HideSolutionNode = FALSE
	EndGlobalSection
	GlobalSection(ExtensibilityGlobals) = postSolution
		SolutionGuid = {940FB930-CCFC-48C3-B67C-4648D7CC1A25}
	EndGlobalSection
EndGlobal
